// !$*UTF8*$!
{
	archiveVersion = 1;
	classes = {
	};
	objectVersion = 56;
	objects = {

/* Begin PBXBuildFile section */
		7119A7082C2CCBB0005229C3 /* ThreadsApp.swift in Sources */ = {isa = PBXBuildFile; fileRef = 7119A7072C2CCBB0005229C3 /* ThreadsApp.swift */; };
		7119A70A2C2CCBB0005229C3 /* ContentView.swift in Sources */ = {isa = PBXBuildFile; fileRef = 7119A7092C2CCBB0005229C3 /* ContentView.swift */; };
		7119A70C2C2CCBB2005229C3 /* Assets.xcassets in Resources */ = {isa = PBXBuildFile; fileRef = 7119A70B2C2CCBB2005229C3 /* Assets.xcassets */; };
		7119A70F2C2CCBB2005229C3 /* Preview Assets.xcassets in Resources */ = {isa = PBXBuildFile; fileRef = 7119A70E2C2CCBB2005229C3 /* Preview Assets.xcassets */; };
		7119A71F2C2CE0B9005229C3 /* LoginView.swift in Sources */ = {isa = PBXBuildFile; fileRef = 7119A71E2C2CE0B9005229C3 /* LoginView.swift */; };
		7119A7212C2E2BC5005229C3 /* RegistrationView.swift in Sources */ = {isa = PBXBuildFile; fileRef = 7119A7202C2E2BC5005229C3 /* RegistrationView.swift */; };
		7119A7242C2E3029005229C3 /* ThreadsTextFieldModifier.swift in Sources */ = {isa = PBXBuildFile; fileRef = 7119A7232C2E3029005229C3 /* ThreadsTextFieldModifier.swift */; };
		7119A7262C2E3305005229C3 /* ThreadsButtonModifier.swift in Sources */ = {isa = PBXBuildFile; fileRef = 7119A7252C2E3305005229C3 /* ThreadsButtonModifier.swift */; };
/* End PBXBuildFile section */

/* Begin PBXFileReference section */
		7119A7042C2CCBB0005229C3 /* Threads.app */ = {isa = PBXFileReference; explicitFileType = wrapper.application; includeInIndex = 0; path = Threads.app; sourceTree = BUILT_PRODUCTS_DIR; };
		7119A7072C2CCBB0005229C3 /* ThreadsApp.swift */ = {isa = PBXFileReference; lastKnownFileType = sourcecode.swift; path = ThreadsApp.swift; sourceTree = "<group>"; };
		7119A7092C2CCBB0005229C3 /* ContentView.swift */ = {isa = PBXFileReference; lastKnownFileType = sourcecode.swift; path = ContentView.swift; sourceTree = "<group>"; };
		7119A70B2C2CCBB2005229C3 /* Assets.xcassets */ = {isa = PBXFileReference; lastKnownFileType = folder.assetcatalog; path = Assets.xcassets; sourceTree = "<group>"; };
		7119A70E2C2CCBB2005229C3 /* Preview Assets.xcassets */ = {isa = PBXFileReference; lastKnownFileType = folder.assetcatalog; path = "Preview Assets.xcassets"; sourceTree = "<group>"; };
		7119A71E2C2CE0B9005229C3 /* LoginView.swift */ = {isa = PBXFileReference; lastKnownFileType = sourcecode.swift; path = LoginView.swift; sourceTree = "<group>"; };
		7119A7202C2E2BC5005229C3 /* RegistrationView.swift */ = {isa = PBXFileReference; lastKnownFileType = sourcecode.swift; path = RegistrationView.swift; sourceTree = "<group>"; };
		7119A7232C2E3029005229C3 /* ThreadsTextFieldModifier.swift */ = {isa = PBXFileReference; lastKnownFileType = sourcecode.swift; path = ThreadsTextFieldModifier.swift; sourceTree = "<group>"; };
		7119A7252C2E3305005229C3 /* ThreadsButtonModifier.swift */ = {isa = PBXFileReference; lastKnownFileType = sourcecode.swift; path = ThreadsButtonModifier.swift; sourceTree = "<group>"; };
/* End PBXFileReference section */

/* Begin PBXFrameworksBuildPhase section */
		7119A7012C2CCBB0005229C3 /* Frameworks */ = {
			isa = PBXFrameworksBuildPhase;
			buildActionMask = 2147483647;
			files = (
			);
			runOnlyForDeploymentPostprocessing = 0;
		};
/* End PBXFrameworksBuildPhase section */

/* Begin PBXGroup section */
		7119A6FB2C2CCBB0005229C3 = {
			isa = PBXGroup;
			children = (
				7119A7062C2CCBB0005229C3 /* Threads */,
				7119A7052C2CCBB0005229C3 /* Products */,
			);
			sourceTree = "<group>";
		};
		7119A7052C2CCBB0005229C3 /* Products */ = {
			isa = PBXGroup;
			children = (
				7119A7042C2CCBB0005229C3 /* Threads.app */,
			);
			name = Products;
			sourceTree = "<group>";
		};
		7119A7062C2CCBB0005229C3 /* Threads */ = {
			isa = PBXGroup;
			children = (
				7119A7152C2CCC66005229C3 /* App */,
				7119A7162C2CCC6F005229C3 /* Core */,
				7119A7172C2CCCA2005229C3 /* Extensions */,
				7119A7182C2CCCBE005229C3 /* Model */,
				7119A7192C2CCCE5005229C3 /* Services */,
				7119A71A2C2CCCF8005229C3 /* Utils */,
				7119A70B2C2CCBB2005229C3 /* Assets.xcassets */,
				7119A70D2C2CCBB2005229C3 /* Preview Content */,
			);
			path = Threads;
			sourceTree = "<group>";
		};
		7119A70D2C2CCBB2005229C3 /* Preview Content */ = {
			isa = PBXGroup;
			children = (
				7119A70E2C2CCBB2005229C3 /* Preview Assets.xcassets */,
			);
			path = "Preview Content";
			sourceTree = "<group>";
		};
		7119A7152C2CCC66005229C3 /* App */ = {
			isa = PBXGroup;
			children = (
				7119A7072C2CCBB0005229C3 /* ThreadsApp.swift */,
			);
			path = App;
			sourceTree = "<group>";
		};
		7119A7162C2CCC6F005229C3 /* Core */ = {
			isa = PBXGroup;
			children = (
				7119A71B2C2CCD55005229C3 /* Authentication */,
				7119A71C2C2CCD62005229C3 /* Root */,
			);
			path = Core;
			sourceTree = "<group>";
		};
		7119A7172C2CCCA2005229C3 /* Extensions */ = {
			isa = PBXGroup;
			children = (
			);
			path = Extensions;
			sourceTree = "<group>";
		};
		7119A7182C2CCCBE005229C3 /* Model */ = {
			isa = PBXGroup;
			children = (
			);
			path = Model;
			sourceTree = "<group>";
		};
		7119A7192C2CCCE5005229C3 /* Services */ = {
			isa = PBXGroup;
			children = (
			);
			path = Services;
			sourceTree = "<group>";
		};
		7119A71A2C2CCCF8005229C3 /* Utils */ = {
			isa = PBXGroup;
			children = (
				7119A7222C2E2FAC005229C3 /* ViewsModifiers */,
			);
			path = Utils;
			sourceTree = "<group>";
		};
		7119A71B2C2CCD55005229C3 /* Authentication */ = {
			isa = PBXGroup;
			children = (
				7119A71D2C2CE089005229C3 /* Views */,
			);
			path = Authentication;
			sourceTree = "<group>";
		};
		7119A71C2C2CCD62005229C3 /* Root */ = {
			isa = PBXGroup;
			children = (
				7119A7092C2CCBB0005229C3 /* ContentView.swift */,
			);
			path = Root;
			sourceTree = "<group>";
		};
		7119A71D2C2CE089005229C3 /* Views */ = {
			isa = PBXGroup;
			children = (
				7119A71E2C2CE0B9005229C3 /* LoginView.swift */,
				7119A7202C2E2BC5005229C3 /* RegistrationView.swift */,
			);
			path = Views;
			sourceTree = "<group>";
		};
		7119A7222C2E2FAC005229C3 /* ViewsModifiers */ = {
			isa = PBXGroup;
			children = (
				7119A7232C2E3029005229C3 /* ThreadsTextFieldModifier.swift */,
				7119A7252C2E3305005229C3 /* ThreadsButtonModifier.swift */,
			);
			path = ViewsModifiers;
			sourceTree = "<group>";
		};
/* End PBXGroup section */

/* Begin PBXNativeTarget section */
		7119A7032C2CCBB0005229C3 /* Threads */ = {
			isa = PBXNativeTarget;
			buildConfigurationList = 7119A7122C2CCBB2005229C3 /* Build configuration list for PBXNativeTarget "Threads" */;
			buildPhases = (
				7119A7002C2CCBB0005229C3 /* Sources */,
				7119A7012C2CCBB0005229C3 /* Frameworks */,
				7119A7022C2CCBB0005229C3 /* Resources */,
			);
			buildRules = (
			);
			dependencies = (
			);
			name = Threads;
			productName = Threads;
			productReference = 7119A7042C2CCBB0005229C3 /* Threads.app */;
			productType = "com.apple.product-type.application";
		};
/* End PBXNativeTarget section */

/* Begin PBXProject section */
		7119A6FC2C2CCBB0005229C3 /* Project object */ = {
			isa = PBXProject;
			attributes = {
				BuildIndependentTargetsInParallel = 1;
				LastSwiftUpdateCheck = 1500;
				LastUpgradeCheck = 1500;
				TargetAttributes = {
					7119A7032C2CCBB0005229C3 = {
						CreatedOnToolsVersion = 15.0.1;
					};
				};
			};
			buildConfigurationList = 7119A6FF2C2CCBB0005229C3 /* Build configuration list for PBXProject "Threads" */;
			compatibilityVersion = "Xcode 14.0";
			developmentRegion = en;
			hasScannedForEncodings = 0;
			knownRegions = (
				en,
				Base,
			);
			mainGroup = 7119A6FB2C2CCBB0005229C3;
			productRefGroup = 7119A7052C2CCBB0005229C3 /* Products */;
			projectDirPath = "";
			projectRoot = "";
			targets = (
				7119A7032C2CCBB0005229C3 /* Threads */,
			);
		};
/* End PBXProject section */

/* Begin PBXResourcesBuildPhase section */
		7119A7022C2CCBB0005229C3 /* Resources */ = {
			isa = PBXResourcesBuildPhase;
			buildActionMask = 2147483647;
			files = (
				7119A70F2C2CCBB2005229C3 /* Preview Assets.xcassets in Resources */,
				7119A70C2C2CCBB2005229C3 /* Assets.xcassets in Resources */,
			);
			runOnlyForDeploymentPostprocessing = 0;
		};
/* End PBXResourcesBuildPhase section */

/* Begin PBXSourcesBuildPhase section */
		7119A7002C2CCBB0005229C3 /* Sources */ = {
			isa = PBXSourcesBuildPhase;
			buildActionMask = 2147483647;
			files = (
				7119A7262C2E3305005229C3 /* ThreadsButtonModifier.swift in Sources */,
				7119A71F2C2CE0B9005229C3 /* LoginView.swift in Sources */,
				7119A70A2C2CCBB0005229C3 /* ContentView.swift in Sources */,
				7119A7242C2E3029005229C3 /* ThreadsTextFieldModifier.swift in Sources */,
				7119A7082C2CCBB0005229C3 /* ThreadsApp.swift in Sources */,
				7119A7212C2E2BC5005229C3 /* RegistrationView.swift in Sources */,
			);
			runOnlyForDeploymentPostprocessing = 0;
		};
/* End PBXSourcesBuildPhase section */

/* Begin XCBuildConfiguration section */
		7119A7102C2CCBB2005229C3 /* Debug */ = {
			isa = XCBuildConfiguration;
			buildSettings = {
				ALWAYS_SEARCH_USER_PATHS = NO;
				ASSETCATALOG_COMPILER_GENERATE_SWIFT_ASSET_SYMBOL_EXTENSIONS = YES;
				CLANG_ANALYZER_NONNULL = YES;
				CLANG_ANALYZER_NUMBER_OBJECT_CONVERSION = YES_AGGRESSIVE;
				CLANG_CXX_LANGUAGE_STANDARD = "gnu++20";
				CLANG_ENABLE_MODULES = YES;
				CLANG_ENABLE_OBJC_ARC = YES;
				CLANG_ENABLE_OBJC_WEAK = YES;
				CLANG_WARN_BLOCK_CAPTURE_AUTORELEASING = YES;
				CLANG_WARN_BOOL_CONVERSION = YES;
				CLANG_WARN_COMMA = YES;
				CLANG_WARN_CONSTANT_CONVERSION = YES;
				CLANG_WARN_DEPRECATED_OBJC_IMPLEMENTATIONS = YES;
				CLANG_WARN_DIRECT_OBJC_ISA_USAGE = YES_ERROR;
				CLANG_WARN_DOCUMENTATION_COMMENTS = YES;
				CLANG_WARN_EMPTY_BODY = YES;
				CLANG_WARN_ENUM_CONVERSION = YES;
				CLANG_WARN_INFINITE_RECURSION = YES;
				CLANG_WARN_INT_CONVERSION = YES;
				CLANG_WARN_NON_LITERAL_NULL_CONVERSION = YES;
				CLANG_WARN_OBJC_IMPLICIT_RETAIN_SELF = YES;
				CLANG_WARN_OBJC_LITERAL_CONVERSION = YES;
				CLANG_WARN_OBJC_ROOT_CLASS = YES_ERROR;
				CLANG_WARN_QUOTED_INCLUDE_IN_FRAMEWORK_HEADER = YES;
				CLANG_WARN_RANGE_LOOP_ANALYSIS = YES;
				CLANG_WARN_STRICT_PROTOTYPES = YES;
				CLANG_WARN_SUSPICIOUS_MOVE = YES;
				CLANG_WARN_UNGUARDED_AVAILABILITY = YES_AGGRESSIVE;
				CLANG_WARN_UNREACHABLE_CODE = YES;
				CLANG_WARN__DUPLICATE_METHOD_MATCH = YES;
				COPY_PHASE_STRIP = NO;
				DEBUG_INFORMATION_FORMAT = dwarf;
				ENABLE_STRICT_OBJC_MSGSEND = YES;
				ENABLE_TESTABILITY = YES;
				ENABLE_USER_SCRIPT_SANDBOXING = YES;
				GCC_C_LANGUAGE_STANDARD = gnu17;
				GCC_DYNAMIC_NO_PIC = NO;
				GCC_NO_COMMON_BLOCKS = YES;
				GCC_OPTIMIZATION_LEVEL = 0;
				GCC_PREPROCESSOR_DEFINITIONS = (
					"DEBUG=1",
					"$(inherited)",
				);
				GCC_WARN_64_TO_32_BIT_CONVERSION = YES;
				GCC_WARN_ABOUT_RETURN_TYPE = YES_ERROR;
				GCC_WARN_UNDECLARED_SELECTOR = YES;
				GCC_WARN_UNINITIALIZED_AUTOS = YES_AGGRESSIVE;
				GCC_WARN_UNUSED_FUNCTION = YES;
				GCC_WARN_UNUSED_VARIABLE = YES;
				IPHONEOS_DEPLOYMENT_TARGET = 17.0;
				LOCALIZATION_PREFERS_STRING_CATALOGS = YES;
				MTL_ENABLE_DEBUG_INFO = INCLUDE_SOURCE;
				MTL_FAST_MATH = YES;
				ONLY_ACTIVE_ARCH = YES;
				SDKROOT = iphoneos;
				SWIFT_ACTIVE_COMPILATION_CONDITIONS = "DEBUG $(inherited)";
				SWIFT_OPTIMIZATION_LEVEL = "-Onone";
			};
			name = Debug;
		};
		7119A7112C2CCBB2005229C3 /* Release */ = {
			isa = XCBuildConfiguration;
			buildSettings = {
				ALWAYS_SEARCH_USER_PATHS = NO;
				ASSETCATALOG_COMPILER_GENERATE_SWIFT_ASSET_SYMBOL_EXTENSIONS = YES;
				CLANG_ANALYZER_NONNULL = YES;
				CLANG_ANALYZER_NUMBER_OBJECT_CONVERSION = YES_AGGRESSIVE;
				CLANG_CXX_LANGUAGE_STANDARD = "gnu++20";
				CLANG_ENABLE_MODULES = YES;
				CLANG_ENABLE_OBJC_ARC = YES;
				CLANG_ENABLE_OBJC_WEAK = YES;
				CLANG_WARN_BLOCK_CAPTURE_AUTORELEASING = YES;
				CLANG_WARN_BOOL_CONVERSION = YES;
				CLANG_WARN_COMMA = YES;
				CLANG_WARN_CONSTANT_CONVERSION = YES;
				CLANG_WARN_DEPRECATED_OBJC_IMPLEMENTATIONS = YES;
				CLANG_WARN_DIRECT_OBJC_ISA_USAGE = YES_ERROR;
				CLANG_WARN_DOCUMENTATION_COMMENTS = YES;
				CLANG_WARN_EMPTY_BODY = YES;
				CLANG_WARN_ENUM_CONVERSION = YES;
				CLANG_WARN_INFINITE_RECURSION = YES;
				CLANG_WARN_INT_CONVERSION = YES;
				CLANG_WARN_NON_LITERAL_NULL_CONVERSION = YES;
				CLANG_WARN_OBJC_IMPLICIT_RETAIN_SELF = YES;
				CLANG_WARN_OBJC_LITERAL_CONVERSION = YES;
				CLANG_WARN_OBJC_ROOT_CLASS = YES_ERROR;
				CLANG_WARN_QUOTED_INCLUDE_IN_FRAMEWORK_HEADER = YES;
				CLANG_WARN_RANGE_LOOP_ANALYSIS = YES;
				CLANG_WARN_STRICT_PROTOTYPES = YES;
				CLANG_WARN_SUSPICIOUS_MOVE = YES;
				CLANG_WARN_UNGUARDED_AVAILABILITY = YES_AGGRESSIVE;
				CLANG_WARN_UNREACHABLE_CODE = YES;
				CLANG_WARN__DUPLICATE_METHOD_MATCH = YES;
				COPY_PHASE_STRIP = NO;
				DEBUG_INFORMATION_FORMAT = "dwarf-with-dsym";
				ENABLE_NS_ASSERTIONS = NO;
				ENABLE_STRICT_OBJC_MSGSEND = YES;
				ENABLE_USER_SCRIPT_SANDBOXING = YES;
				GCC_C_LANGUAGE_STANDARD = gnu17;
				GCC_NO_COMMON_BLOCKS = YES;
				GCC_WARN_64_TO_32_BIT_CONVERSION = YES;
				GCC_WARN_ABOUT_RETURN_TYPE = YES_ERROR;
				GCC_WARN_UNDECLARED_SELECTOR = YES;
				GCC_WARN_UNINITIALIZED_AUTOS = YES_AGGRESSIVE;
				GCC_WARN_UNUSED_FUNCTION = YES;
				GCC_WARN_UNUSED_VARIABLE = YES;
				IPHONEOS_DEPLOYMENT_TARGET = 17.0;
				LOCALIZATION_PREFERS_STRING_CATALOGS = YES;
				MTL_ENABLE_DEBUG_INFO = NO;
				MTL_FAST_MATH = YES;
				SDKROOT = iphoneos;
				SWIFT_COMPILATION_MODE = wholemodule;
				VALIDATE_PRODUCT = YES;
			};
			name = Release;
		};
		7119A7132C2CCBB2005229C3 /* Debug */ = {
			isa = XCBuildConfiguration;
			buildSettings = {
				ASSETCATALOG_COMPILER_APPICON_NAME = AppIcon;
				ASSETCATALOG_COMPILER_GLOBAL_ACCENT_COLOR_NAME = AccentColor;
				CODE_SIGN_STYLE = Automatic;
				CURRENT_PROJECT_VERSION = 1;
				DEVELOPMENT_ASSET_PATHS = "\"Threads/Preview Content\"";
				ENABLE_PREVIEWS = YES;
				GENERATE_INFOPLIST_FILE = YES;
				INFOPLIST_KEY_UIApplicationSceneManifest_Generation = YES;
				INFOPLIST_KEY_UIApplicationSupportsIndirectInputEvents = YES;
				INFOPLIST_KEY_UILaunchScreen_Generation = YES;
				INFOPLIST_KEY_UISupportedInterfaceOrientations_iPad = "UIInterfaceOrientationPortrait UIInterfaceOrientationPortraitUpsideDown UIInterfaceOrientationLandscapeLeft UIInterfaceOrientationLandscapeRight";
				INFOPLIST_KEY_UISupportedInterfaceOrientations_iPhone = "UIInterfaceOrientationPortrait UIInterfaceOrientationLandscapeLeft UIInterfaceOrientationLandscapeRight";
				LD_RUNPATH_SEARCH_PATHS = (
					"$(inherited)",
					"@executable_path/Frameworks",
				);
				MARKETING_VERSION = 1.0;
				PRODUCT_BUNDLE_IDENTIFIER = HarmonicIndustries.Threads;
				PRODUCT_NAME = "$(TARGET_NAME)";
				SWIFT_EMIT_LOC_STRINGS = YES;
				SWIFT_VERSION = 5.0;
				TARGETED_DEVICE_FAMILY = "1,2";
			};
			name = Debug;
		};
		7119A7142C2CCBB2005229C3 /* Release */ = {
			isa = XCBuildConfiguration;
			buildSettings = {
				ASSETCATALOG_COMPILER_APPICON_NAME = AppIcon;
				ASSETCATALOG_COMPILER_GLOBAL_ACCENT_COLOR_NAME = AccentColor;
				CODE_SIGN_STYLE = Automatic;
				CURRENT_PROJECT_VERSION = 1;
				DEVELOPMENT_ASSET_PATHS = "\"Threads/Preview Content\"";
				ENABLE_PREVIEWS = YES;
				GENERATE_INFOPLIST_FILE = YES;
				INFOPLIST_KEY_UIApplicationSceneManifest_Generation = YES;
				INFOPLIST_KEY_UIApplicationSupportsIndirectInputEvents = YES;
				INFOPLIST_KEY_UILaunchScreen_Generation = YES;
				INFOPLIST_KEY_UISupportedInterfaceOrientations_iPad = "UIInterfaceOrientationPortrait UIInterfaceOrientationPortraitUpsideDown UIInterfaceOrientationLandscapeLeft UIInterfaceOrientationLandscapeRight";
				INFOPLIST_KEY_UISupportedInterfaceOrientations_iPhone = "UIInterfaceOrientationPortrait UIInterfaceOrientationLandscapeLeft UIInterfaceOrientationLandscapeRight";
				LD_RUNPATH_SEARCH_PATHS = (
					"$(inherited)",
					"@executable_path/Frameworks",
				);
				MARKETING_VERSION = 1.0;
				PRODUCT_BUNDLE_IDENTIFIER = HarmonicIndustries.Threads;
				PRODUCT_NAME = "$(TARGET_NAME)";
				SWIFT_EMIT_LOC_STRINGS = YES;
				SWIFT_VERSION = 5.0;
				TARGETED_DEVICE_FAMILY = "1,2";
			};
			name = Release;
		};
/* End XCBuildConfiguration section */

/* Begin XCConfigurationList section */
		7119A6FF2C2CCBB0005229C3 /* Build configuration list for PBXProject "Threads" */ = {
			isa = XCConfigurationList;
			buildConfigurations = (
				7119A7102C2CCBB2005229C3 /* Debug */,
				7119A7112C2CCBB2005229C3 /* Release */,
			);
			defaultConfigurationIsVisible = 0;
			defaultConfigurationName = Release;
		};
		7119A7122C2CCBB2005229C3 /* Build configuration list for PBXNativeTarget "Threads" */ = {
			isa = XCConfigurationList;
			buildConfigurations = (
				7119A7132C2CCBB2005229C3 /* Debug */,
				7119A7142C2CCBB2005229C3 /* Release */,
			);
			defaultConfigurationIsVisible = 0;
			defaultConfigurationName = Release;
		};
/* End XCConfigurationList section */
	};
	rootObject = 7119A6FC2C2CCBB0005229C3 /* Project object */;
}
